// !$*UTF8*$!
{
	archiveVersion = 1;
	classes = {
	};
	objectVersion = 56;
	objects = {

/* Begin PBXBuildFile section */
		14FF64EA2A005BFA00BB15EE /* Test_GithubActionsApp.swift in Sources */ = {isa = PBXBuildFile; fileRef = 14FF64E92A005BFA00BB15EE /* Test_GithubActionsApp.swift */; };
		14FF64EC2A005BFA00BB15EE /* ContentView.swift in Sources */ = {isa = PBXBuildFile; fileRef = 14FF64EB2A005BFA00BB15EE /* ContentView.swift */; };
		14FF64EE2A005BFC00BB15EE /* Assets.xcassets in Resources */ = {isa = PBXBuildFile; fileRef = 14FF64ED2A005BFC00BB15EE /* Assets.xcassets */; };
		14FF64F12A005BFC00BB15EE /* Preview Assets.xcassets in Resources */ = {isa = PBXBuildFile; fileRef = 14FF64F02A005BFC00BB15EE /* Preview Assets.xcassets */; };
		14FF64FB2A005BFC00BB15EE /* Test_GithubActionsTests.swift in Sources */ = {isa = PBXBuildFile; fileRef = 14FF64FA2A005BFC00BB15EE /* Test_GithubActionsTests.swift */; };
		14FF65052A005BFC00BB15EE /* Test_GithubActionsUITests.swift in Sources */ = {isa = PBXBuildFile; fileRef = 14FF65042A005BFC00BB15EE /* Test_GithubActionsUITests.swift */; };
		14FF65072A005BFC00BB15EE /* Test_GithubActionsUITestsLaunchTests.swift in Sources */ = {isa = PBXBuildFile; fileRef = 14FF65062A005BFC00BB15EE /* Test_GithubActionsUITestsLaunchTests.swift */; };
/* End PBXBuildFile section */

/* Begin PBXContainerItemProxy section */
		14FF64F72A005BFC00BB15EE /* PBXContainerItemProxy */ = {
			isa = PBXContainerItemProxy;
			containerPortal = 14FF64DE2A005BF900BB15EE /* Project object */;
			proxyType = 1;
			remoteGlobalIDString = 14FF64E52A005BFA00BB15EE;
			remoteInfo = "Test-GithubActions";
		};
		14FF65012A005BFC00BB15EE /* PBXContainerItemProxy */ = {
			isa = PBXContainerItemProxy;
			containerPortal = 14FF64DE2A005BF900BB15EE /* Project object */;
			proxyType = 1;
			remoteGlobalIDString = 14FF64E52A005BFA00BB15EE;
			remoteInfo = "Test-GithubActions";
		};
/* End PBXContainerItemProxy section */

/* Begin PBXFileReference section */
		14FF64E62A005BFA00BB15EE /* Test-GithubActions.app */ = {isa = PBXFileReference; explicitFileType = wrapper.application; includeInIndex = 0; path = "Test-GithubActions.app"; sourceTree = BUILT_PRODUCTS_DIR; };
		14FF64E92A005BFA00BB15EE /* Test_GithubActionsApp.swift */ = {isa = PBXFileReference; lastKnownFileType = sourcecode.swift; path = Test_GithubActionsApp.swift; sourceTree = "<group>"; };
		14FF64EB2A005BFA00BB15EE /* ContentView.swift */ = {isa = PBXFileReference; lastKnownFileType = sourcecode.swift; path = ContentView.swift; sourceTree = "<group>"; };
		14FF64ED2A005BFC00BB15EE /* Assets.xcassets */ = {isa = PBXFileReference; lastKnownFileType = folder.assetcatalog; path = Assets.xcassets; sourceTree = "<group>"; };
		14FF64F02A005BFC00BB15EE /* Preview Assets.xcassets */ = {isa = PBXFileReference; lastKnownFileType = folder.assetcatalog; path = "Preview Assets.xcassets"; sourceTree = "<group>"; };
		14FF64F62A005BFC00BB15EE /* Test-GithubActionsTests.xctest */ = {isa = PBXFileReference; explicitFileType = wrapper.cfbundle; includeInIndex = 0; path = "Test-GithubActionsTests.xctest"; sourceTree = BUILT_PRODUCTS_DIR; };
		14FF64FA2A005BFC00BB15EE /* Test_GithubActionsTests.swift */ = {isa = PBXFileReference; lastKnownFileType = sourcecode.swift; path = Test_GithubActionsTests.swift; sourceTree = "<group>"; };
		14FF65002A005BFC00BB15EE /* Test-GithubActionsUITests.xctest */ = {isa = PBXFileReference; explicitFileType = wrapper.cfbundle; includeInIndex = 0; path = "Test-GithubActionsUITests.xctest"; sourceTree = BUILT_PRODUCTS_DIR; };
		14FF65042A005BFC00BB15EE /* Test_GithubActionsUITests.swift */ = {isa = PBXFileReference; lastKnownFileType = sourcecode.swift; path = Test_GithubActionsUITests.swift; sourceTree = "<group>"; };
		14FF65062A005BFC00BB15EE /* Test_GithubActionsUITestsLaunchTests.swift */ = {isa = PBXFileReference; lastKnownFileType = sourcecode.swift; path = Test_GithubActionsUITestsLaunchTests.swift; sourceTree = "<group>"; };
/* End PBXFileReference section */

/* Begin PBXFrameworksBuildPhase section */
		14FF64E32A005BFA00BB15EE /* Frameworks */ = {
			isa = PBXFrameworksBuildPhase;
			buildActionMask = 2147483647;
			files = (
			);
			runOnlyForDeploymentPostprocessing = 0;
		};
		14FF64F32A005BFC00BB15EE /* Frameworks */ = {
			isa = PBXFrameworksBuildPhase;
			buildActionMask = 2147483647;
			files = (
			);
			runOnlyForDeploymentPostprocessing = 0;
		};
		14FF64FD2A005BFC00BB15EE /* Frameworks */ = {
			isa = PBXFrameworksBuildPhase;
			buildActionMask = 2147483647;
			files = (
			);
			runOnlyForDeploymentPostprocessing = 0;
		};
/* End PBXFrameworksBuildPhase section */

/* Begin PBXGroup section */
		14FF64DD2A005BF900BB15EE = {
			isa = PBXGroup;
			children = (
				14FF64E82A005BFA00BB15EE /* Test-GithubActions */,
				14FF64F92A005BFC00BB15EE /* Test-GithubActionsTests */,
				14FF65032A005BFC00BB15EE /* Test-GithubActionsUITests */,
				14FF64E72A005BFA00BB15EE /* Products */,
			);
			sourceTree = "<group>";
		};
		14FF64E72A005BFA00BB15EE /* Products */ = {
			isa = PBXGroup;
			children = (
				14FF64E62A005BFA00BB15EE /* Test-GithubActions.app */,
				14FF64F62A005BFC00BB15EE /* Test-GithubActionsTests.xctest */,
				14FF65002A005BFC00BB15EE /* Test-GithubActionsUITests.xctest */,
			);
			name = Products;
			sourceTree = "<group>";
		};
		14FF64E82A005BFA00BB15EE /* Test-GithubActions */ = {
			isa = PBXGroup;
			children = (
				14FF64E92A005BFA00BB15EE /* Test_GithubActionsApp.swift */,
				14FF64EB2A005BFA00BB15EE /* ContentView.swift */,
				14FF64ED2A005BFC00BB15EE /* Assets.xcassets */,
				14FF64EF2A005BFC00BB15EE /* Preview Content */,
			);
			path = "Test-GithubActions";
			sourceTree = "<group>";
		};
		14FF64EF2A005BFC00BB15EE /* Preview Content */ = {
			isa = PBXGroup;
			children = (
				14FF64F02A005BFC00BB15EE /* Preview Assets.xcassets */,
			);
			path = "Preview Content";
			sourceTree = "<group>";
		};
		14FF64F92A005BFC00BB15EE /* Test-GithubActionsTests */ = {
			isa = PBXGroup;
			children = (
				14FF64FA2A005BFC00BB15EE /* Test_GithubActionsTests.swift */,
			);
			path = "Test-GithubActionsTests";
			sourceTree = "<group>";
		};
		14FF65032A005BFC00BB15EE /* Test-GithubActionsUITests */ = {
			isa = PBXGroup;
			children = (
				14FF65042A005BFC00BB15EE /* Test_GithubActionsUITests.swift */,
				14FF65062A005BFC00BB15EE /* Test_GithubActionsUITestsLaunchTests.swift */,
			);
			path = "Test-GithubActionsUITests";
			sourceTree = "<group>";
		};
/* End PBXGroup section */

/* Begin PBXNativeTarget section */
		14FF64E52A005BFA00BB15EE /* Test-GithubActions */ = {
			isa = PBXNativeTarget;
			buildConfigurationList = 14FF650A2A005BFC00BB15EE /* Build configuration list for PBXNativeTarget "Test-GithubActions" */;
			buildPhases = (
				14FF64E22A005BFA00BB15EE /* Sources */,
				14FF64E32A005BFA00BB15EE /* Frameworks */,
				14FF64E42A005BFA00BB15EE /* Resources */,
			);
			buildRules = (
			);
			dependencies = (
			);
			name = "Test-GithubActions";
			productName = "Test-GithubActions";
			productReference = 14FF64E62A005BFA00BB15EE /* Test-GithubActions.app */;
			productType = "com.apple.product-type.application";
		};
		14FF64F52A005BFC00BB15EE /* Test-GithubActionsTests */ = {
			isa = PBXNativeTarget;
			buildConfigurationList = 14FF650D2A005BFC00BB15EE /* Build configuration list for PBXNativeTarget "Test-GithubActionsTests" */;
			buildPhases = (
				14FF64F22A005BFC00BB15EE /* Sources */,
				14FF64F32A005BFC00BB15EE /* Frameworks */,
				14FF64F42A005BFC00BB15EE /* Resources */,
			);
			buildRules = (
			);
			dependencies = (
				14FF64F82A005BFC00BB15EE /* PBXTargetDependency */,
			);
			name = "Test-GithubActionsTests";
			productName = "Test-GithubActionsTests";
			productReference = 14FF64F62A005BFC00BB15EE /* Test-GithubActionsTests.xctest */;
			productType = "com.apple.product-type.bundle.unit-test";
		};
		14FF64FF2A005BFC00BB15EE /* Test-GithubActionsUITests */ = {
			isa = PBXNativeTarget;
			buildConfigurationList = 14FF65102A005BFC00BB15EE /* Build configuration list for PBXNativeTarget "Test-GithubActionsUITests" */;
			buildPhases = (
				14FF64FC2A005BFC00BB15EE /* Sources */,
				14FF64FD2A005BFC00BB15EE /* Frameworks */,
				14FF64FE2A005BFC00BB15EE /* Resources */,
			);
			buildRules = (
			);
			dependencies = (
				14FF65022A005BFC00BB15EE /* PBXTargetDependency */,
			);
			name = "Test-GithubActionsUITests";
			productName = "Test-GithubActionsUITests";
			productReference = 14FF65002A005BFC00BB15EE /* Test-GithubActionsUITests.xctest */;
			productType = "com.apple.product-type.bundle.ui-testing";
		};
/* End PBXNativeTarget section */

/* Begin PBXProject section */
		14FF64DE2A005BF900BB15EE /* Project object */ = {
			isa = PBXProject;
			attributes = {
				BuildIndependentTargetsInParallel = 1;
				LastSwiftUpdateCheck = 1420;
				LastUpgradeCheck = 1420;
				TargetAttributes = {
					14FF64E52A005BFA00BB15EE = {
						CreatedOnToolsVersion = 14.2;
					};
					14FF64F52A005BFC00BB15EE = {
						CreatedOnToolsVersion = 14.2;
						TestTargetID = 14FF64E52A005BFA00BB15EE;
					};
					14FF64FF2A005BFC00BB15EE = {
						CreatedOnToolsVersion = 14.2;
						TestTargetID = 14FF64E52A005BFA00BB15EE;
					};
				};
			};
			buildConfigurationList = 14FF64E12A005BF900BB15EE /* Build configuration list for PBXProject "Test-GithubActions" */;
			compatibilityVersion = "Xcode 14.0";
			developmentRegion = en;
			hasScannedForEncodings = 0;
			knownRegions = (
				en,
				Base,
			);
			mainGroup = 14FF64DD2A005BF900BB15EE;
			productRefGroup = 14FF64E72A005BFA00BB15EE /* Products */;
			projectDirPath = "";
			projectRoot = "";
			targets = (
				14FF64E52A005BFA00BB15EE /* Test-GithubActions */,
				14FF64F52A005BFC00BB15EE /* Test-GithubActionsTests */,
				14FF64FF2A005BFC00BB15EE /* Test-GithubActionsUITests */,
			);
		};
/* End PBXProject section */

/* Begin PBXResourcesBuildPhase section */
		14FF64E42A005BFA00BB15EE /* Resources */ = {
			isa = PBXResourcesBuildPhase;
			buildActionMask = 2147483647;
			files = (
				14FF64F12A005BFC00BB15EE /* Preview Assets.xcassets in Resources */,
				14FF64EE2A005BFC00BB15EE /* Assets.xcassets in Resources */,
			);
			runOnlyForDeploymentPostprocessing = 0;
		};
		14FF64F42A005BFC00BB15EE /* Resources */ = {
			isa = PBXResourcesBuildPhase;
			buildActionMask = 2147483647;
			files = (
			);
			runOnlyForDeploymentPostprocessing = 0;
		};
		14FF64FE2A005BFC00BB15EE /* Resources */ = {
			isa = PBXResourcesBuildPhase;
			buildActionMask = 2147483647;
			files = (
			);
			runOnlyForDeploymentPostprocessing = 0;
		};
/* End PBXResourcesBuildPhase section */

/* Begin PBXSourcesBuildPhase section */
		14FF64E22A005BFA00BB15EE /* Sources */ = {
			isa = PBXSourcesBuildPhase;
			buildActionMask = 2147483647;
			files = (
				14FF64EC2A005BFA00BB15EE /* ContentView.swift in Sources */,
				14FF64EA2A005BFA00BB15EE /* Test_GithubActionsApp.swift in Sources */,
			);
			runOnlyForDeploymentPostprocessing = 0;
		};
		14FF64F22A005BFC00BB15EE /* Sources */ = {
			isa = PBXSourcesBuildPhase;
			buildActionMask = 2147483647;
			files = (
				14FF64FB2A005BFC00BB15EE /* Test_GithubActionsTests.swift in Sources */,
			);
			runOnlyForDeploymentPostprocessing = 0;
		};
		14FF64FC2A005BFC00BB15EE /* Sources */ = {
			isa = PBXSourcesBuildPhase;
			buildActionMask = 2147483647;
			files = (
				14FF65052A005BFC00BB15EE /* Test_GithubActionsUITests.swift in Sources */,
				14FF65072A005BFC00BB15EE /* Test_GithubActionsUITestsLaunchTests.swift in Sources */,
			);
			runOnlyForDeploymentPostprocessing = 0;
		};
/* End PBXSourcesBuildPhase section */

/* Begin PBXTargetDependency section */
		14FF64F82A005BFC00BB15EE /* PBXTargetDependency */ = {
			isa = PBXTargetDependency;
			target = 14FF64E52A005BFA00BB15EE /* Test-GithubActions */;
			targetProxy = 14FF64F72A005BFC00BB15EE /* PBXContainerItemProxy */;
		};
		14FF65022A005BFC00BB15EE /* PBXTargetDependency */ = {
			isa = PBXTargetDependency;
			target = 14FF64E52A005BFA00BB15EE /* Test-GithubActions */;
			targetProxy = 14FF65012A005BFC00BB15EE /* PBXContainerItemProxy */;
		};
/* End PBXTargetDependency section */

/* Begin XCBuildConfiguration section */
		14FF65082A005BFC00BB15EE /* Debug */ = {
			isa = XCBuildConfiguration;
			buildSettings = {
				ALWAYS_SEARCH_USER_PATHS = NO;
				CLANG_ANALYZER_NONNULL = YES;
				CLANG_ANALYZER_NUMBER_OBJECT_CONVERSION = YES_AGGRESSIVE;
				CLANG_CXX_LANGUAGE_STANDARD = "gnu++20";
				CLANG_ENABLE_MODULES = YES;
				CLANG_ENABLE_OBJC_ARC = YES;
				CLANG_ENABLE_OBJC_WEAK = YES;
				CLANG_WARN_BLOCK_CAPTURE_AUTORELEASING = YES;
				CLANG_WARN_BOOL_CONVERSION = YES;
				CLANG_WARN_COMMA = YES;
				CLANG_WARN_CONSTANT_CONVERSION = YES;
				CLANG_WARN_DEPRECATED_OBJC_IMPLEMENTATIONS = YES;
				CLANG_WARN_DIRECT_OBJC_ISA_USAGE = YES_ERROR;
				CLANG_WARN_DOCUMENTATION_COMMENTS = YES;
				CLANG_WARN_EMPTY_BODY = YES;
				CLANG_WARN_ENUM_CONVERSION = YES;
				CLANG_WARN_INFINITE_RECURSION = YES;
				CLANG_WARN_INT_CONVERSION = YES;
				CLANG_WARN_NON_LITERAL_NULL_CONVERSION = YES;
				CLANG_WARN_OBJC_IMPLICIT_RETAIN_SELF = YES;
				CLANG_WARN_OBJC_LITERAL_CONVERSION = YES;
				CLANG_WARN_OBJC_ROOT_CLASS = YES_ERROR;
				CLANG_WARN_QUOTED_INCLUDE_IN_FRAMEWORK_HEADER = YES;
				CLANG_WARN_RANGE_LOOP_ANALYSIS = YES;
				CLANG_WARN_STRICT_PROTOTYPES = YES;
				CLANG_WARN_SUSPICIOUS_MOVE = YES;
				CLANG_WARN_UNGUARDED_AVAILABILITY = YES_AGGRESSIVE;
				CLANG_WARN_UNREACHABLE_CODE = YES;
				CLANG_WARN__DUPLICATE_METHOD_MATCH = YES;
				COPY_PHASE_STRIP = NO;
				DEBUG_INFORMATION_FORMAT = dwarf;
				ENABLE_STRICT_OBJC_MSGSEND = YES;
				ENABLE_TESTABILITY = YES;
				GCC_C_LANGUAGE_STANDARD = gnu11;
				GCC_DYNAMIC_NO_PIC = NO;
				GCC_NO_COMMON_BLOCKS = YES;
				GCC_OPTIMIZATION_LEVEL = 0;
				GCC_PREPROCESSOR_DEFINITIONS = (
					"DEBUG=1",
					"$(inherited)",
				);
				GCC_WARN_64_TO_32_BIT_CONVERSION = YES;
				GCC_WARN_ABOUT_RETURN_TYPE = YES_ERROR;
				GCC_WARN_UNDECLARED_SELECTOR = YES;
				GCC_WARN_UNINITIALIZED_AUTOS = YES_AGGRESSIVE;
				GCC_WARN_UNUSED_FUNCTION = YES;
				GCC_WARN_UNUSED_VARIABLE = YES;
				IPHONEOS_DEPLOYMENT_TARGET = 16.2;
				MTL_ENABLE_DEBUG_INFO = INCLUDE_SOURCE;
				MTL_FAST_MATH = YES;
				ONLY_ACTIVE_ARCH = YES;
				SDKROOT = iphoneos;
				SWIFT_ACTIVE_COMPILATION_CONDITIONS = DEBUG;
				SWIFT_OPTIMIZATION_LEVEL = "-Onone";
			};
			name = Debug;
		};
		14FF65092A005BFC00BB15EE /* Release */ = {
			isa = XCBuildConfiguration;
			buildSettings = {
				ALWAYS_SEARCH_USER_PATHS = NO;
				CLANG_ANALYZER_NONNULL = YES;
				CLANG_ANALYZER_NUMBER_OBJECT_CONVERSION = YES_AGGRESSIVE;
				CLANG_CXX_LANGUAGE_STANDARD = "gnu++20";
				CLANG_ENABLE_MODULES = YES;
				CLANG_ENABLE_OBJC_ARC = YES;
				CLANG_ENABLE_OBJC_WEAK = YES;
				CLANG_WARN_BLOCK_CAPTURE_AUTORELEASING = YES;
				CLANG_WARN_BOOL_CONVERSION = YES;
				CLANG_WARN_COMMA = YES;
				CLANG_WARN_CONSTANT_CONVERSION = YES;
				CLANG_WARN_DEPRECATED_OBJC_IMPLEMENTATIONS = YES;
				CLANG_WARN_DIRECT_OBJC_ISA_USAGE = YES_ERROR;
				CLANG_WARN_DOCUMENTATION_COMMENTS = YES;
				CLANG_WARN_EMPTY_BODY = YES;
				CLANG_WARN_ENUM_CONVERSION = YES;
				CLANG_WARN_INFINITE_RECURSION = YES;
				CLANG_WARN_INT_CONVERSION = YES;
				CLANG_WARN_NON_LITERAL_NULL_CONVERSION = YES;
				CLANG_WARN_OBJC_IMPLICIT_RETAIN_SELF = YES;
				CLANG_WARN_OBJC_LITERAL_CONVERSION = YES;
				CLANG_WARN_OBJC_ROOT_CLASS = YES_ERROR;
				CLANG_WARN_QUOTED_INCLUDE_IN_FRAMEWORK_HEADER = YES;
				CLANG_WARN_RANGE_LOOP_ANALYSIS = YES;
				CLANG_WARN_STRICT_PROTOTYPES = YES;
				CLANG_WARN_SUSPICIOUS_MOVE = YES;
				CLANG_WARN_UNGUARDED_AVAILABILITY = YES_AGGRESSIVE;
				CLANG_WARN_UNREACHABLE_CODE = YES;
				CLANG_WARN__DUPLICATE_METHOD_MATCH = YES;
				COPY_PHASE_STRIP = NO;
				DEBUG_INFORMATION_FORMAT = "dwarf-with-dsym";
				ENABLE_NS_ASSERTIONS = NO;
				ENABLE_STRICT_OBJC_MSGSEND = YES;
				GCC_C_LANGUAGE_STANDARD = gnu11;
				GCC_NO_COMMON_BLOCKS = YES;
				GCC_WARN_64_TO_32_BIT_CONVERSION = YES;
				GCC_WARN_ABOUT_RETURN_TYPE = YES_ERROR;
				GCC_WARN_UNDECLARED_SELECTOR = YES;
				GCC_WARN_UNINITIALIZED_AUTOS = YES_AGGRESSIVE;
				GCC_WARN_UNUSED_FUNCTION = YES;
				GCC_WARN_UNUSED_VARIABLE = YES;
				IPHONEOS_DEPLOYMENT_TARGET = 16.2;
				MTL_ENABLE_DEBUG_INFO = NO;
				MTL_FAST_MATH = YES;
				SDKROOT = iphoneos;
				SWIFT_COMPILATION_MODE = wholemodule;
				SWIFT_OPTIMIZATION_LEVEL = "-O";
				VALIDATE_PRODUCT = YES;
			};
			name = Release;
		};
		14FF650B2A005BFC00BB15EE /* Debug */ = {
			isa = XCBuildConfiguration;
			buildSettings = {
				ASSETCATALOG_COMPILER_APPICON_NAME = AppIcon;
				ASSETCATALOG_COMPILER_GLOBAL_ACCENT_COLOR_NAME = AccentColor;
				CODE_SIGN_STYLE = Automatic;
				CURRENT_PROJECT_VERSION = 1;
				DEVELOPMENT_ASSET_PATHS = "\"Test-GithubActions/Preview Content\"";
				ENABLE_PREVIEWS = YES;
				GENERATE_INFOPLIST_FILE = YES;
				INFOPLIST_KEY_UIApplicationSceneManifest_Generation = YES;
				INFOPLIST_KEY_UIApplicationSupportsIndirectInputEvents = YES;
				INFOPLIST_KEY_UILaunchScreen_Generation = YES;
				INFOPLIST_KEY_UISupportedInterfaceOrientations_iPad = "UIInterfaceOrientationPortrait UIInterfaceOrientationPortraitUpsideDown UIInterfaceOrientationLandscapeLeft UIInterfaceOrientationLandscapeRight";
				INFOPLIST_KEY_UISupportedInterfaceOrientations_iPhone = "UIInterfaceOrientationPortrait UIInterfaceOrientationLandscapeLeft UIInterfaceOrientationLandscapeRight";
				LD_RUNPATH_SEARCH_PATHS = (
					"$(inherited)",
					"@executable_path/Frameworks",
				);
				MARKETING_VERSION = 1.0;
				PRODUCT_BUNDLE_IDENTIFIER = "org.arbridev.Test-GithubActions";
				PRODUCT_NAME = "$(TARGET_NAME)";
				SWIFT_EMIT_LOC_STRINGS = YES;
				SWIFT_VERSION = 5.0;
				TARGETED_DEVICE_FAMILY = "1,2";
			};
			name = Debug;
		};
		14FF650C2A005BFC00BB15EE /* Release */ = {
			isa = XCBuildConfiguration;
			buildSettings = {
				ASSETCATALOG_COMPILER_APPICON_NAME = AppIcon;
				ASSETCATALOG_COMPILER_GLOBAL_ACCENT_COLOR_NAME = AccentColor;
				CODE_SIGN_STYLE = Automatic;
				CURRENT_PROJECT_VERSION = 1;
				DEVELOPMENT_ASSET_PATHS = "\"Test-GithubActions/Preview Content\"";
				ENABLE_PREVIEWS = YES;
				GENERATE_INFOPLIST_FILE = YES;
				INFOPLIST_KEY_UIApplicationSceneManifest_Generation = YES;
				INFOPLIST_KEY_UIApplicationSupportsIndirectInputEvents = YES;
				INFOPLIST_KEY_UILaunchScreen_Generation = YES;
				INFOPLIST_KEY_UISupportedInterfaceOrientations_iPad = "UIInterfaceOrientationPortrait UIInterfaceOrientationPortraitUpsideDown UIInterfaceOrientationLandscapeLeft UIInterfaceOrientationLandscapeRight";
				INFOPLIST_KEY_UISupportedInterfaceOrientations_iPhone = "UIInterfaceOrientationPortrait UIInterfaceOrientationLandscapeLeft UIInterfaceOrientationLandscapeRight";
				LD_RUNPATH_SEARCH_PATHS = (
					"$(inherited)",
					"@executable_path/Frameworks",
				);
				MARKETING_VERSION = 1.0;
				PRODUCT_BUNDLE_IDENTIFIER = "org.arbridev.Test-GithubActions";
				PRODUCT_NAME = "$(TARGET_NAME)";
				SWIFT_EMIT_LOC_STRINGS = YES;
				SWIFT_VERSION = 5.0;
				TARGETED_DEVICE_FAMILY = "1,2";
			};
			name = Release;
		};
		14FF650E2A005BFC00BB15EE /* Debug */ = {
			isa = XCBuildConfiguration;
			buildSettings = {
				ALWAYS_EMBED_SWIFT_STANDARD_LIBRARIES = YES;
				BUNDLE_LOADER = "$(TEST_HOST)";
				CODE_SIGN_STYLE = Automatic;
				CURRENT_PROJECT_VERSION = 1;
				GENERATE_INFOPLIST_FILE = YES;
				IPHONEOS_DEPLOYMENT_TARGET = 16.2;
				MARKETING_VERSION = 1.0;
				PRODUCT_BUNDLE_IDENTIFIER = "org.arbridev.Test-GithubActionsTests";
				PRODUCT_NAME = "$(TARGET_NAME)";
				SWIFT_EMIT_LOC_STRINGS = NO;
				SWIFT_VERSION = 5.0;
				TARGETED_DEVICE_FAMILY = "1,2";
				TEST_HOST = "$(BUILT_PRODUCTS_DIR)/Test-GithubActions.app/$(BUNDLE_EXECUTABLE_FOLDER_PATH)/Test-GithubActions";
			};
			name = Debug;
		};
		14FF650F2A005BFC00BB15EE /* Release */ = {
			isa = XCBuildConfiguration;
			buildSettings = {
				ALWAYS_EMBED_SWIFT_STANDARD_LIBRARIES = YES;
				BUNDLE_LOADER = "$(TEST_HOST)";
				CODE_SIGN_STYLE = Automatic;
				CURRENT_PROJECT_VERSION = 1;
				GENERATE_INFOPLIST_FILE = YES;
				IPHONEOS_DEPLOYMENT_TARGET = 16.2;
				MARKETING_VERSION = 1.0;
				PRODUCT_BUNDLE_IDENTIFIER = "org.arbridev.Test-GithubActionsTests";
				PRODUCT_NAME = "$(TARGET_NAME)";
				SWIFT_EMIT_LOC_STRINGS = NO;
				SWIFT_VERSION = 5.0;
				TARGETED_DEVICE_FAMILY = "1,2";
				TEST_HOST = "$(BUILT_PRODUCTS_DIR)/Test-GithubActions.app/$(BUNDLE_EXECUTABLE_FOLDER_PATH)/Test-GithubActions";
			};
			name = Release;
		};
		14FF65112A005BFC00BB15EE /* Debug */ = {
			isa = XCBuildConfiguration;
			buildSettings = {
				ALWAYS_EMBED_SWIFT_STANDARD_LIBRARIES = YES;
				CODE_SIGN_STYLE = Automatic;
				CURRENT_PROJECT_VERSION = 1;
				GENERATE_INFOPLIST_FILE = YES;
				MARKETING_VERSION = 1.0;
				PRODUCT_BUNDLE_IDENTIFIER = "org.arbridev.Test-GithubActionsUITests";
				PRODUCT_NAME = "$(TARGET_NAME)";
				SWIFT_EMIT_LOC_STRINGS = NO;
				SWIFT_VERSION = 5.0;
				TARGETED_DEVICE_FAMILY = "1,2";
				TEST_TARGET_NAME = "Test-GithubActions";
			};
			name = Debug;
		};
		14FF65122A005BFC00BB15EE /* Release */ = {
			isa = XCBuildConfiguration;
			buildSettings = {
				ALWAYS_EMBED_SWIFT_STANDARD_LIBRARIES = YES;
				CODE_SIGN_STYLE = Automatic;
				CURRENT_PROJECT_VERSION = 1;
				GENERATE_INFOPLIST_FILE = YES;
				MARKETING_VERSION = 1.0;
				PRODUCT_BUNDLE_IDENTIFIER = "org.arbridev.Test-GithubActionsUITests";
				PRODUCT_NAME = "$(TARGET_NAME)";
				SWIFT_EMIT_LOC_STRINGS = NO;
				SWIFT_VERSION = 5.0;
				TARGETED_DEVICE_FAMILY = "1,2";
				TEST_TARGET_NAME = "Test-GithubActions";
			};
			name = Release;
		};
/* End XCBuildConfiguration section */

/* Begin XCConfigurationList section */
		14FF64E12A005BF900BB15EE /* Build configuration list for PBXProject "Test-GithubActions" */ = {
			isa = XCConfigurationList;
			buildConfigurations = (
				14FF65082A005BFC00BB15EE /* Debug */,
				14FF65092A005BFC00BB15EE /* Release */,
			);
			defaultConfigurationIsVisible = 0;
			defaultConfigurationName = Release;
		};
		14FF650A2A005BFC00BB15EE /* Build configuration list for PBXNativeTarget "Test-GithubActions" */ = {
			isa = XCConfigurationList;
			buildConfigurations = (
				14FF650B2A005BFC00BB15EE /* Debug */,
				14FF650C2A005BFC00BB15EE /* Release */,
			);
			defaultConfigurationIsVisible = 0;
			defaultConfigurationName = Release;
		};
		14FF650D2A005BFC00BB15EE /* Build configuration list for PBXNativeTarget "Test-GithubActionsTests" */ = {
			isa = XCConfigurationList;
			buildConfigurations = (
				14FF650E2A005BFC00BB15EE /* Debug */,
				14FF650F2A005BFC00BB15EE /* Release */,
			);
			defaultConfigurationIsVisible = 0;
			defaultConfigurationName = Release;
		};
		14FF65102A005BFC00BB15EE /* Build configuration list for PBXNativeTarget "Test-GithubActionsUITests" */ = {
			isa = XCConfigurationList;
			buildConfigurations = (
				14FF65112A005BFC00BB15EE /* Debug */,
				14FF65122A005BFC00BB15EE /* Release */,
			);
			defaultConfigurationIsVisible = 0;
			defaultConfigurationName = Release;
		};
/* End XCConfigurationList section */
	};
	rootObject = 14FF64DE2A005BF900BB15EE /* Project object */;
}
